
Microsoft Visual Studio Solution File, Format Version 11.00
# Visual Studio 2010
# SharpDevelop 5.1
Project("{FAE04EC0-301F-11D3-BF4B-00C04F79EFBC}") = "getScreenShot", "getScreenShot.csproj", "{1CB8F0CF-3E2D-4A8D-9CD6-30979C061948}"
EndProject
Global
	GlobalSection(SolutionConfigurationPlatforms) = preSolution
		Debug|Any CPU = Debug|Any CPU
		Release|Any CPU = Release|Any CPU
	EndGlobalSection
	GlobalSection(ProjectConfigurationPlatforms) = postSolution
		{1CB8F0CF-3E2D-4A8D-9CD6-30979C061948}.Debug|Any CPU.ActiveCfg = Debug|Any CPU
		{1CB8F0CF-3E2D-4A8D-9CD6-30979C061948}.Debug|Any CPU.Build.0 = Debug|Any CPU
		{1CB8F0CF-3E2D-4A8D-9CD6-30979C061948}.Release|Any CPU.ActiveCfg = Release|Any CPU
		{1CB8F0CF-3E2D-4A8D-9CD6-30979C061948}.Release|Any CPU.Build.0 = Release|Any CPU
	EndGlobalSection
EndGlobal
